// !$*UTF8*$!
{
	archiveVersion = 1;
	classes = {
	};
	objectVersion = 50;
	objects = {

/* Begin PBXBuildFile section */
		CC1A8CB625DA066400BF813E /* AppDelegate.swift in Sources */ = {isa = PBXBuildFile; fileRef = CC1A8CB525DA066400BF813E /* AppDelegate.swift */; };
		CC1A8CB825DA066400BF813E /* SceneDelegate.swift in Sources */ = {isa = PBXBuildFile; fileRef = CC1A8CB725DA066400BF813E /* SceneDelegate.swift */; };
		CC1A8CBA25DA066400BF813E /* ViewController.swift in Sources */ = {isa = PBXBuildFile; fileRef = CC1A8CB925DA066400BF813E /* ViewController.swift */; };
		CC1A8CBD25DA066400BF813E /* Main.storyboard in Resources */ = {isa = PBXBuildFile; fileRef = CC1A8CBB25DA066400BF813E /* Main.storyboard */; };
		CC1A8CBF25DA066400BF813E /* Assets.xcassets in Resources */ = {isa = PBXBuildFile; fileRef = CC1A8CBE25DA066400BF813E /* Assets.xcassets */; };
		CC1A8CC225DA066400BF813E /* LaunchScreen.storyboard in Resources */ = {isa = PBXBuildFile; fileRef = CC1A8CC025DA066400BF813E /* LaunchScreen.storyboard */; };
		CC1A8CE925DA069F00BF813E /* RPN.framework in Frameworks */ = {isa = PBXBuildFile; fileRef = CC1A8CE625DA069400BF813E /* RPN.framework */; };
		CC1A8CEA25DA069F00BF813E /* RPN.framework in Embed Frameworks */ = {isa = PBXBuildFile; fileRef = CC1A8CE625DA069400BF813E /* RPN.framework */; settings = {ATTRIBUTES = (CodeSignOnCopy, RemoveHeadersOnCopy, ); }; };
/* End PBXBuildFile section */

/* Begin PBXContainerItemProxy section */
		CC1A8CE525DA069400BF813E /* PBXContainerItemProxy */ = {
			isa = PBXContainerItemProxy;
			containerPortal = CC1A8CE125DA069400BF813E /* RPN.xcodeproj */;
			proxyType = 2;
			remoteGlobalIDString = CC1A8CD425DA067600BF813E;
			remoteInfo = RPN;
		};
/* End PBXContainerItemProxy section */

/* Begin PBXCopyFilesBuildPhase section */
		CC1A8CEB25DA069F00BF813E /* Embed Frameworks */ = {
			isa = PBXCopyFilesBuildPhase;
			buildActionMask = 2147483647;
			dstPath = "";
			dstSubfolderSpec = 10;
			files = (
				CC1A8CEA25DA069F00BF813E /* RPN.framework in Embed Frameworks */,
			);
			name = "Embed Frameworks";
			runOnlyForDeploymentPostprocessing = 0;
		};
/* End PBXCopyFilesBuildPhase section */

/* Begin PBXFileReference section */
		CC1A8CB225DA066400BF813E /* Calculator.app */ = {isa = PBXFileReference; explicitFileType = wrapper.application; includeInIndex = 0; path = Calculator.app; sourceTree = BUILT_PRODUCTS_DIR; };
		CC1A8CB525DA066400BF813E /* AppDelegate.swift */ = {isa = PBXFileReference; lastKnownFileType = sourcecode.swift; path = AppDelegate.swift; sourceTree = "<group>"; };
		CC1A8CB725DA066400BF813E /* SceneDelegate.swift */ = {isa = PBXFileReference; lastKnownFileType = sourcecode.swift; path = SceneDelegate.swift; sourceTree = "<group>"; };
		CC1A8CB925DA066400BF813E /* ViewController.swift */ = {isa = PBXFileReference; lastKnownFileType = sourcecode.swift; path = ViewController.swift; sourceTree = "<group>"; };
		CC1A8CBC25DA066400BF813E /* Base */ = {isa = PBXFileReference; lastKnownFileType = file.storyboard; name = Base; path = Base.lproj/Main.storyboard; sourceTree = "<group>"; };
		CC1A8CBE25DA066400BF813E /* Assets.xcassets */ = {isa = PBXFileReference; lastKnownFileType = folder.assetcatalog; path = Assets.xcassets; sourceTree = "<group>"; };
		CC1A8CC125DA066400BF813E /* Base */ = {isa = PBXFileReference; lastKnownFileType = file.storyboard; name = Base; path = Base.lproj/LaunchScreen.storyboard; sourceTree = "<group>"; };
		CC1A8CC325DA066400BF813E /* Info.plist */ = {isa = PBXFileReference; lastKnownFileType = text.plist.xml; path = Info.plist; sourceTree = "<group>"; };
		CC1A8CE125DA069400BF813E /* RPN.xcodeproj */ = {isa = PBXFileReference; lastKnownFileType = "wrapper.pb-project"; name = RPN.xcodeproj; path = ../../RPN/RPN.xcodeproj; sourceTree = "<group>"; };
/* End PBXFileReference section */

/* Begin PBXFrameworksBuildPhase section */
		CC1A8CAF25DA066400BF813E /* Frameworks */ = {
			isa = PBXFrameworksBuildPhase;
			buildActionMask = 2147483647;
			files = (
				CC1A8CE925DA069F00BF813E /* RPN.framework in Frameworks */,
			);
			runOnlyForDeploymentPostprocessing = 0;
		};
/* End PBXFrameworksBuildPhase section */

/* Begin PBXGroup section */
		CC1A8CA925DA066400BF813E = {
			isa = PBXGroup;
			children = (
				CC1A8CE025DA068600BF813E /* Frameworks */,
				CC1A8CB425DA066400BF813E /* Calculator */,
				CC1A8CB325DA066400BF813E /* Products */,
			);
			sourceTree = "<group>";
		};
		CC1A8CB325DA066400BF813E /* Products */ = {
			isa = PBXGroup;
			children = (
				CC1A8CB225DA066400BF813E /* Calculator.app */,
			);
			name = Products;
			sourceTree = "<group>";
		};
		CC1A8CB425DA066400BF813E /* Calculator */ = {
			isa = PBXGroup;
			children = (
				CC1A8CB525DA066400BF813E /* AppDelegate.swift */,
				CC1A8CB725DA066400BF813E /* SceneDelegate.swift */,
				CC1A8CB925DA066400BF813E /* ViewController.swift */,
				CC1A8CBB25DA066400BF813E /* Main.storyboard */,
				CC1A8CBE25DA066400BF813E /* Assets.xcassets */,
				CC1A8CC025DA066400BF813E /* LaunchScreen.storyboard */,
				CC1A8CC325DA066400BF813E /* Info.plist */,
			);
			path = Calculator;
			sourceTree = "<group>";
		};
		CC1A8CE025DA068600BF813E /* Frameworks */ = {
			isa = PBXGroup;
			children = (
				CC1A8CE125DA069400BF813E /* RPN.xcodeproj */,
			);
			path = Frameworks;
			sourceTree = "<group>";
		};
		CC1A8CE225DA069400BF813E /* Products */ = {
			isa = PBXGroup;
			children = (
				CC1A8CE625DA069400BF813E /* RPN.framework */,
			);
			name = Products;
			sourceTree = "<group>";
		};
/* End PBXGroup section */

/* Begin PBXNativeTarget section */
		CC1A8CB125DA066400BF813E /* Calculator */ = {
			isa = PBXNativeTarget;
			buildConfigurationList = CC1A8CC625DA066400BF813E /* Build configuration list for PBXNativeTarget "Calculator" */;
			buildPhases = (
				CC1A8CAE25DA066400BF813E /* Sources */,
				CC1A8CAF25DA066400BF813E /* Frameworks */,
				CC1A8CB025DA066400BF813E /* Resources */,
				CC1A8CEB25DA069F00BF813E /* Embed Frameworks */,
			);
			buildRules = (
			);
			dependencies = (
			);
			name = Calculator;
			productName = Calculator;
			productReference = CC1A8CB225DA066400BF813E /* Calculator.app */;
			productType = "com.apple.product-type.application";
		};
/* End PBXNativeTarget section */

/* Begin PBXProject section */
		CC1A8CAA25DA066400BF813E /* Project object */ = {
			isa = PBXProject;
			attributes = {
				LastSwiftUpdateCheck = 1240;
				LastUpgradeCheck = 1240;
				TargetAttributes = {
					CC1A8CB125DA066400BF813E = {
						CreatedOnToolsVersion = 12.4;
					};
				};
			};
			buildConfigurationList = CC1A8CAD25DA066400BF813E /* Build configuration list for PBXProject "Calculator" */;
			compatibilityVersion = "Xcode 9.3";
			developmentRegion = en;
			hasScannedForEncodings = 0;
			knownRegions = (
				en,
				Base,
			);
			mainGroup = CC1A8CA925DA066400BF813E;
			productRefGroup = CC1A8CB325DA066400BF813E /* Products */;
			projectDirPath = "";
			projectReferences = (
				{
					ProductGroup = CC1A8CE225DA069400BF813E /* Products */;
					ProjectRef = CC1A8CE125DA069400BF813E /* RPN.xcodeproj */;
				},
			);
			projectRoot = "";
			targets = (
				CC1A8CB125DA066400BF813E /* Calculator */,
			);
		};
/* End PBXProject section */

/* Begin PBXReferenceProxy section */
		CC1A8CE625DA069400BF813E /* RPN.framework */ = {
			isa = PBXReferenceProxy;
			fileType = wrapper.framework;
			path = RPN.framework;
			remoteRef = CC1A8CE525DA069400BF813E /* PBXContainerItemProxy */;
			sourceTree = BUILT_PRODUCTS_DIR;
		};
/* End PBXReferenceProxy section */

/* Begin PBXResourcesBuildPhase section */
		CC1A8CB025DA066400BF813E /* Resources */ = {
			isa = PBXResourcesBuildPhase;
			buildActionMask = 2147483647;
			files = (
				CC1A8CC225DA066400BF813E /* LaunchScreen.storyboard in Resources */,
				CC1A8CBF25DA066400BF813E /* Assets.xcassets in Resources */,
				CC1A8CBD25DA066400BF813E /* Main.storyboard in Resources */,
			);
			runOnlyForDeploymentPostprocessing = 0;
		};
/* End PBXResourcesBuildPhase section */

/* Begin PBXSourcesBuildPhase section */
		CC1A8CAE25DA066400BF813E /* Sources */ = {
			isa = PBXSourcesBuildPhase;
			buildActionMask = 2147483647;
			files = (
				CC1A8CBA25DA066400BF813E /* ViewController.swift in Sources */,
				CC1A8CB625DA066400BF813E /* AppDelegate.swift in Sources */,
				CC1A8CB825DA066400BF813E /* SceneDelegate.swift in Sources */,
			);
			runOnlyForDeploymentPostprocessing = 0;
		};
/* End PBXSourcesBuildPhase section */

/* Begin PBXVariantGroup section */
		CC1A8CBB25DA066400BF813E /* Main.storyboard */ = {
			isa = PBXVariantGroup;
			children = (
				CC1A8CBC25DA066400BF813E /* Base */,
			);
			name = Main.storyboard;
			sourceTree = "<group>";
		};
		CC1A8CC025DA066400BF813E /* LaunchScreen.storyboard */ = {
			isa = PBXVariantGroup;
			children = (
				CC1A8CC125DA066400BF813E /* Base */,
			);
			name = LaunchScreen.storyboard;
			sourceTree = "<group>";
		};
/* End PBXVariantGroup section */

/* Begin XCBuildConfiguration section */
		CC1A8CC425DA066400BF813E /* Debug */ = {
			isa = XCBuildConfiguration;
			buildSettings = {
				ALWAYS_SEARCH_USER_PATHS = NO;
				CLANG_ANALYZER_NONNULL = YES;
				CLANG_ANALYZER_NUMBER_OBJECT_CONVERSION = YES_AGGRESSIVE;
				CLANG_CXX_LANGUAGE_STANDARD = "gnu++14";
				CLANG_CXX_LIBRARY = "libc++";
				CLANG_ENABLE_MODULES = YES;
				CLANG_ENABLE_OBJC_ARC = YES;
				CLANG_ENABLE_OBJC_WEAK = YES;
				CLANG_WARN_BLOCK_CAPTURE_AUTORELEASING = YES;
				CLANG_WARN_BOOL_CONVERSION = YES;
				CLANG_WARN_COMMA = YES;
				CLANG_WARN_CONSTANT_CONVERSION = YES;
				CLANG_WARN_DEPRECATED_OBJC_IMPLEMENTATIONS = YES;
				CLANG_WARN_DIRECT_OBJC_ISA_USAGE = YES_ERROR;
				CLANG_WARN_DOCUMENTATION_COMMENTS = YES;
				CLANG_WARN_EMPTY_BODY = YES;
				CLANG_WARN_ENUM_CONVERSION = YES;
				CLANG_WARN_INFINITE_RECURSION = YES;
				CLANG_WARN_INT_CONVERSION = YES;
				CLANG_WARN_NON_LITERAL_NULL_CONVERSION = YES;
				CLANG_WARN_OBJC_IMPLICIT_RETAIN_SELF = YES;
				CLANG_WARN_OBJC_LITERAL_CONVERSION = YES;
				CLANG_WARN_OBJC_ROOT_CLASS = YES_ERROR;
				CLANG_WARN_QUOTED_INCLUDE_IN_FRAMEWORK_HEADER = YES;
				CLANG_WARN_RANGE_LOOP_ANALYSIS = YES;
				CLANG_WARN_STRICT_PROTOTYPES = YES;
				CLANG_WARN_SUSPICIOUS_MOVE = YES;
				CLANG_WARN_UNGUARDED_AVAILABILITY = YES_AGGRESSIVE;
				CLANG_WARN_UNREACHABLE_CODE = YES;
				CLANG_WARN__DUPLICATE_METHOD_MATCH = YES;
				COPY_PHASE_STRIP = NO;
				DEBUG_INFORMATION_FORMAT = dwarf;
				ENABLE_STRICT_OBJC_MSGSEND = YES;
				ENABLE_TESTABILITY = YES;
				GCC_C_LANGUAGE_STANDARD = gnu11;
				GCC_DYNAMIC_NO_PIC = NO;
				GCC_NO_COMMON_BLOCKS = YES;
				GCC_OPTIMIZATION_LEVEL = 0;
				GCC_PREPROCESSOR_DEFINITIONS = (
					"DEBUG=1",
					"$(inherited)",
				);
				GCC_WARN_64_TO_32_BIT_CONVERSION = YES;
				GCC_WARN_ABOUT_RETURN_TYPE = YES_ERROR;
				GCC_WARN_UNDECLARED_SELECTOR = YES;
				GCC_WARN_UNINITIALIZED_AUTOS = YES_AGGRESSIVE;
				GCC_WARN_UNUSED_FUNCTION = YES;
				GCC_WARN_UNUSED_VARIABLE = YES;
				IPHONEOS_DEPLOYMENT_TARGET = 14.4;
				MTL_ENABLE_DEBUG_INFO = INCLUDE_SOURCE;
				MTL_FAST_MATH = YES;
				ONLY_ACTIVE_ARCH = YES;
				SDKROOT = iphoneos;
				SWIFT_ACTIVE_COMPILATION_CONDITIONS = DEBUG;
				SWIFT_OPTIMIZATION_LEVEL = "-Onone";
			};
			name = Debug;
		};
		CC1A8CC525DA066400BF813E /* Release */ = {
			isa = XCBuildConfiguration;
			buildSettings = {
				ALWAYS_SEARCH_USER_PATHS = NO;
				CLANG_ANALYZER_NONNULL = YES;
				CLANG_ANALYZER_NUMBER_OBJECT_CONVERSION = YES_AGGRESSIVE;
				CLANG_CXX_LANGUAGE_STANDARD = "gnu++14";
				CLANG_CXX_LIBRARY = "libc++";
				CLANG_ENABLE_MODULES = YES;
				CLANG_ENABLE_OBJC_ARC = YES;
				CLANG_ENABLE_OBJC_WEAK = YES;
				CLANG_WARN_BLOCK_CAPTURE_AUTORELEASING = YES;
				CLANG_WARN_BOOL_CONVERSION = YES;
				CLANG_WARN_COMMA = YES;
				CLANG_WARN_CONSTANT_CONVERSION = YES;
				CLANG_WARN_DEPRECATED_OBJC_IMPLEMENTATIONS = YES;
				CLANG_WARN_DIRECT_OBJC_ISA_USAGE = YES_ERROR;
				CLANG_WARN_DOCUMENTATION_COMMENTS = YES;
				CLANG_WARN_EMPTY_BODY = YES;
				CLANG_WARN_ENUM_CONVERSION = YES;
				CLANG_WARN_INFINITE_RECURSION = YES;
				CLANG_WARN_INT_CONVERSION = YES;
				CLANG_WARN_NON_LITERAL_NULL_CONVERSION = YES;
				CLANG_WARN_OBJC_IMPLICIT_RETAIN_SELF = YES;
				CLANG_WARN_OBJC_LITERAL_CONVERSION = YES;
				CLANG_WARN_OBJC_ROOT_CLASS = YES_ERROR;
				CLANG_WARN_QUOTED_INCLUDE_IN_FRAMEWORK_HEADER = YES;
				CLANG_WARN_RANGE_LOOP_ANALYSIS = YES;
				CLANG_WARN_STRICT_PROTOTYPES = YES;
				CLANG_WARN_SUSPICIOUS_MOVE = YES;
				CLANG_WARN_UNGUARDED_AVAILABILITY = YES_AGGRESSIVE;
				CLANG_WARN_UNREACHABLE_CODE = YES;
				CLANG_WARN__DUPLICATE_METHOD_MATCH = YES;
				COPY_PHASE_STRIP = NO;
				DEBUG_INFORMATION_FORMAT = "dwarf-with-dsym";
				ENABLE_NS_ASSERTIONS = NO;
				ENABLE_STRICT_OBJC_MSGSEND = YES;
				GCC_C_LANGUAGE_STANDARD = gnu11;
				GCC_NO_COMMON_BLOCKS = YES;
				GCC_WARN_64_TO_32_BIT_CONVERSION = YES;
				GCC_WARN_ABOUT_RETURN_TYPE = YES_ERROR;
				GCC_WARN_UNDECLARED_SELECTOR = YES;
				GCC_WARN_UNINITIALIZED_AUTOS = YES_AGGRESSIVE;
				GCC_WARN_UNUSED_FUNCTION = YES;
				GCC_WARN_UNUSED_VARIABLE = YES;
				IPHONEOS_DEPLOYMENT_TARGET = 14.4;
				MTL_ENABLE_DEBUG_INFO = NO;
				MTL_FAST_MATH = YES;
				SDKROOT = iphoneos;
				SWIFT_COMPILATION_MODE = wholemodule;
				SWIFT_OPTIMIZATION_LEVEL = "-O";
				VALIDATE_PRODUCT = YES;
			};
			name = Release;
		};
		CC1A8CC725DA066400BF813E /* Debug */ = {
			isa = XCBuildConfiguration;
			buildSettings = {
				ASSETCATALOG_COMPILER_APPICON_NAME = AppIcon;
				ASSETCATALOG_COMPILER_GLOBAL_ACCENT_COLOR_NAME = AccentColor;
				CODE_SIGN_STYLE = Automatic;
				INFOPLIST_FILE = Calculator/Info.plist;
				LD_RUNPATH_SEARCH_PATHS = (
					"$(inherited)",
					"@executable_path/Frameworks",
				);
				PRODUCT_BUNDLE_IDENTIFIER = com.jeffkang.Calculator;
				PRODUCT_NAME = "$(TARGET_NAME)";
				SWIFT_VERSION = 5.0;
				TARGETED_DEVICE_FAMILY = "1,2";
			};
			name = Debug;
		};
		CC1A8CC825DA066400BF813E /* Release */ = {
			isa = XCBuildConfiguration;
			buildSettings = {
				ASSETCATALOG_COMPILER_APPICON_NAME = AppIcon;
				ASSETCATALOG_COMPILER_GLOBAL_ACCENT_COLOR_NAME = AccentColor;
				CODE_SIGN_STYLE = Automatic;
				INFOPLIST_FILE = Calculator/Info.plist;
				LD_RUNPATH_SEARCH_PATHS = (
					"$(inherited)",
					"@executable_path/Frameworks",
				);
				PRODUCT_BUNDLE_IDENTIFIER = com.jeffkang.Calculator;
				PRODUCT_NAME = "$(TARGET_NAME)";
				SWIFT_VERSION = 5.0;
				TARGETED_DEVICE_FAMILY = "1,2";
			};
			name = Release;
		};
/* End XCBuildConfiguration section */

/* Begin XCConfigurationList section */
		CC1A8CAD25DA066400BF813E /* Build configuration list for PBXProject "Calculator" */ = {
			isa = XCConfigurationList;
			buildConfigurations = (
				CC1A8CC425DA066400BF813E /* Debug */,
				CC1A8CC525DA066400BF813E /* Release */,
			);
			defaultConfigurationIsVisible = 0;
			defaultConfigurationName = Release;
		};
		CC1A8CC625DA066400BF813E /* Build configuration list for PBXNativeTarget "Calculator" */ = {
			isa = XCConfigurationList;
			buildConfigurations = (
				CC1A8CC725DA066400BF813E /* Debug */,
				CC1A8CC825DA066400BF813E /* Release */,
			);
			defaultConfigurationIsVisible = 0;
			defaultConfigurationName = Release;
		};
/* End XCConfigurationList section */
	};
	rootObject = CC1A8CAA25DA066400BF813E /* Project object */;
}
